%{
  "certifi": {:hex, :certifi, "2.5.1", "867ce347f7c7d78563450a18a6a28a8090331e77fa02380b4a21962a65d36ee5", [:rebar3], [{:parse_trans, "~>3.3", [hex: :parse_trans, repo: "hexpm", optional: false]}], "hexpm"},
  "con_cache": {:hex, :con_cache, "0.11.1", "acbe5a1d10c47faba30d9629c9121e1ef9bca0aa5eddbb86f4e777bd9f9f9b6f", [:mix], [{:exactor, "~> 2.2.0", [hex: :exactor, optional: false]}]},
  "cowboy": {:hex, :cowboy, "1.0.4", "a324a8df9f2316c833a470d918aaf73ae894278b8aa6226ce7a9bf699388f878", [:make, :rebar], [{:cowlib, "~> 1.0.0", [hex: :cowlib, optional: false]}, {:ranch, "~> 1.0", [hex: :ranch, optional: false]}]},
  "cowlib": {:hex, :cowlib, "1.0.2", "9d769a1d062c9c3ac753096f868ca121e2730b9a377de23dec0f7e08b1df84ee", [:make], []},
  "earmark": {:hex, :earmark, "1.0.3", "89bdbaf2aca8bbb5c97d8b3b55c5dd0cff517ecc78d417e87f1d0982e514557b", [:mix], []},
  "ex_doc": {:hex, :ex_doc, "0.14.5", "c0433c8117e948404d93ca69411dd575ec6be39b47802e81ca8d91017a0cf83c", [:mix], [{:earmark, "~> 1.0", [hex: :earmark, optional: false]}]},
  "exactor": {:hex, :exactor, "2.2.3", "a6972f43bb6160afeb73e1d8ab45ba604cd0ac8b5244c557093f6e92ce582786", [:mix], []},
  "excoveralls": {:hex, :excoveralls, "0.6.1", "9e946b6db84dba592f47632157ecd135a46384b98a430fd16007dc910c70348b", [:mix], [{:exjsx, "~> 3.0", [hex: :exjsx, optional: false]}, {:hackney, ">= 0.12.0", [hex: :hackney, optional: false]}]},
  "exjsx": {:hex, :exjsx, "3.2.1", "1bc5bf1e4fd249104178f0885030bcd75a4526f4d2a1e976f4b428d347614f0f", [:mix], [{:jsx, "~> 2.8.0", [hex: :jsx, optional: false]}]},
  "floki": {:hex, :floki, "0.21.0", "0c0191a6dbc559300bac232f716c55fb5738d45ae846b3141b19e5f5741c1907", [:mix], [{:html_entities, "~> 0.4.0", [hex: :html_entities, repo: "hexpm", optional: false]}, {:mochiweb, "~> 2.15", [hex: :mochiweb, repo: "hexpm", optional: false]}], "hexpm"},
  "hackney": {:hex, :hackney, "1.15.1", "9f8f471c844b8ce395f7b6d8398139e26ddca9ebc171a8b91342ee15a19963f4", [:rebar3], [{:certifi, "2.5.1", [hex: :certifi, repo: "hexpm", optional: false]}, {:idna, "6.0.0", [hex: :idna, repo: "hexpm", optional: false]}, {:metrics, "1.0.1", [hex: :metrics, repo: "hexpm", optional: false]}, {:mimerl, "~>1.1", [hex: :mimerl, repo: "hexpm", optional: false]}, {:ssl_verify_fun, "1.1.4", [hex: :ssl_verify_fun, repo: "hexpm", optional: false]}], "hexpm"},
  "html_entities": {:hex, :html_entities, "0.4.0", "f2fee876858cf6aaa9db608820a3209e45a087c5177332799592142b50e89a6b", [:mix], [], "hexpm"},
  "httparrot": {:hex, :httparrot, "0.5.0", "17ef9ae11ec36e8a329fba30eb7b27b84848c9997d25f1bc94f27e1784370b3f", [:mix], [{:con_cache, "~> 0.11.1", [hex: :con_cache, optional: false]}, {:cowboy, "~> 1.0.0", [hex: :cowboy, optional: false]}, {:exjsx, "~> 3.0", [hex: :exjsx, optional: false]}]},
  "httpoison": {:hex, :httpoison, "0.9.1", "6c2b4eaf2588a6f3ef29663d28c992531ca3f0bc832a97e0359bc822978e1c5d", [:mix], [{:hackney, "~> 1.6.0", [hex: :hackney, optional: false]}]},
  "idna": {:hex, :idna, "6.0.0", "689c46cbcdf3524c44d5f3dde8001f364cd7608a99556d8fbd8239a5798d4c10", [:rebar3], [{:unicode_util_compat, "0.4.1", [hex: :unicode_util_compat, repo: "hexpm", optional: false]}], "hexpm"},
  "jsx": {:hex, :jsx, "2.8.3", "a05252d381885240744d955fbe3cf810504eb2567164824e19303ea59eef62cf", [:mix, :rebar3], [], "hexpm"},
  "meck": {:hex, :meck, "0.8.13", "ffedb39f99b0b99703b8601c6f17c7f76313ee12de6b646e671e3188401f7866", [:rebar3], [], "hexpm"},
  "metrics": {:hex, :metrics, "1.0.1", "25f094dea2cda98213cecc3aeff09e940299d950904393b2a29d191c346a8486", [:rebar3], []},
  "mime": {:hex, :mime, "1.3.1", "30ce04ab3175b6ad0bdce0035cba77bba68b813d523d1aac73d9781b4d193cf8", [:mix], [], "hexpm"},
  "mimerl": {:hex, :mimerl, "1.2.0", "67e2d3f571088d5cfd3e550c383094b47159f3eee8ffa08e64106cdf5e981be3", [:rebar3], [], "hexpm"},
  "mochiweb": {:hex, :mochiweb, "2.18.0", "eb55f1db3e6e960fac4e6db4e2db9ec3602cc9f30b86cd1481d56545c3145d2e", [:rebar3], [], "hexpm"},
  "mochiweb_html": {:hex, :mochiweb_html, "2.15.0", "d7402e967d7f9f2912f8befa813c37be62d5eeeddbbcb6fe986c44e01460d497", [:rebar3], []},
  "mock": {:hex, :mock, "0.3.3", "42a433794b1291a9cf1525c6d26b38e039e0d3a360732b5e467bfc77ef26c914", [:mix], [{:meck, "~> 0.8.13", [hex: :meck, repo: "hexpm", optional: false]}], "hexpm"},
  "mogrify": {:hex, :mogrify, "0.4.0", "bed8602f9e11bbdc9f795cf1e8f007368a630a8cd6a6b15b241ab8e311c332c5", [:mix], []},
  "parse_trans": {:hex, :parse_trans, "3.3.0", "09765507a3c7590a784615cfd421d101aec25098d50b89d7aa1d66646bc571c1", [:rebar3], [], "hexpm"},
  "ranch": {:hex, :ranch, "1.2.1", "a6fb992c10f2187b46ffd17ce398ddf8a54f691b81768f9ef5f461ea7e28c762", [:make], []},
  "ssl_verify_fun": {:hex, :ssl_verify_fun, "1.1.4", "f0eafff810d2041e93f915ef59899c923f4568f4585904d010387ed74988e77b", [:make, :mix, :rebar3], [], "hexpm"},
  "tempfile": {:hex, :tempfile, "0.1.0", "2964afa1f653d133c61a818c84bb1b3c1a9c8e2f9f8489accb2e9c68cd0c1688", [:mix], []},
  "tesla": {:hex, :tesla, "1.2.1", "864783cc27f71dd8c8969163704752476cec0f3a51eb3b06393b3971dc9733ff", [:mix], [{:exjsx, ">= 3.0.0", [hex: :exjsx, repo: "hexpm", optional: true]}, {:fuse, "~> 2.4", [hex: :fuse, repo: "hexpm", optional: true]}, {:hackney, "~> 1.6", [hex: :hackney, repo: "hexpm", optional: true]}, {:ibrowse, "~> 4.4.0", [hex: :ibrowse, repo: "hexpm", optional: true]}, {:jason, ">= 1.0.0", [hex: :jason, repo: "hexpm", optional: true]}, {:mime, "~> 1.0", [hex: :mime, repo: "hexpm", optional: false]}, {:poison, ">= 1.0.0", [hex: :poison, repo: "hexpm", optional: true]}], "hexpm"},
  "unicode_util_compat": {:hex, :unicode_util_compat, "0.4.1", "d869e4c68901dd9531385bb0c8c40444ebf624e60b6962d95952775cac5e90cd", [:rebar3], [], "hexpm"},
}
